Microsoft Visual Studio Solution File, Format Version 12.00
# Visual Studio Version 17
VisualStudioVersion = 17.1.32328.378
MinimumVisualStudioVersion = 10.0.40219.1
Project("{9A19103F-16F7-4668-BE54-9A1E7A4F7556}") = "RealEstate", "RealEstate.csproj", "{0AA0632C-89DF-4E4E-AF72-85E5BC415E8E}"
EndProject
Project("{9A19103F-16F7-4668-BE54-9A1E7A4F7556}") = "RealEstateDAL", "Backend\RealEstateDAL\RealEstateDAL.csproj", "{3AD76046-878A-4EC0-A835-2C08DF81A5FD}"
EndProject
Global
	GlobalSection(SolutionConfigurationPlatforms) = preSolution
		Debug|Any CPU = Debug|Any CPU
		Release|Any CPU = Release|Any CPU
	EndGlobalSection
	GlobalSection(ProjectConfigurationPlatforms) = postSolution
		{0AA0632C-89DF-4E4E-AF72-85E5BC415E8E}.Debug|Any CPU.ActiveCfg = Debug|Any CPU
		{0AA0632C-89DF-4E4E-AF72-85E5BC415E8E}.Debug|Any CPU.Build.0 = Debug|Any CPU
		{0AA0632C-89DF-4E4E-AF72-85E5BC415E8E}.Release|Any CPU.ActiveCfg = Release|Any CPU
		{0AA0632C-89DF-4E4E-AF72-85E5BC415E8E}.Release|Any CPU.Build.0 = Release|Any CPU
		{3AD76046-878A-4EC0-A835-2C08DF81A5FD}.Debug|Any CPU.ActiveCfg = Debug|Any CPU
		{3AD76046-878A-4EC0-A835-2C08DF81A5FD}.Debug|Any CPU.Build.0 = Debug|Any CPU
		{3AD76046-878A-4EC0-A835-2C08DF81A5FD}.Release|Any CPU.ActiveCfg = Release|Any CPU
		{3AD76046-878A-4EC0-A835-2C08DF81A5FD}.Release|Any CPU.Build.0 = Release|Any CPU
	EndGlobalSection
	GlobalSection(SolutionProperties) = preSolution
		HideSolutionNode = FALSE
	EndGlobalSection
	GlobalSection(ExtensibilityGlobals) = postSolution
		SolutionGuid = {58BDD1B3-098E-4DBE-B648-D861AD6E5E43}
	EndGlobalSection
EndGlobal
